version = 1
revision = 3
requires-python = ">=3.9"

[[package]]
name = "colorama"
version = "0.4.6"
source = { registry = "https://pypi.org/simple" }
sdist = { url = "https://files.pythonhosted.org/packages/d8/53/6f443c9a4a8358a93a6792e2acffb9d9d5cb0a5cfd8802644b7b1c9a02e4/colorama-0.4.6.tar.gz", hash = "sha256:08695f5cb7ed6e0531a20572697297273c47b8cae5a63ffc6d6ed5c201be6e44", size = 27697, upload-time = "2022-10-25T02:36:22.414Z" }
wheels = [
    { url = "https://files.pythonhosted.org/packages/d1/d6/3965ed04c63042e047cb6a3e6ed1a63a35087b6a609aa3a15ed8ac56c221/colorama-0.4.6-py2.py3-none-any.whl", hash = "sha256:4f1d9991f5acc0ca119f9d443620b77f9d6b33703e51011c16baf57afb285fc6", size = 25335, upload-time = "2022-10-25T02:36:20.889Z" },
]

[[package]]
name = "coverage"
version = "7.5.3"
source = { registry = "https://pypi.org/simple" }
sdist = { url = "https://files.pythonhosted.org/packages/6c/a5/62ae2dc1850feabb74207a422d00893f451ee0950e52792eb208970a30b1/coverage-7.5.3.tar.gz", hash = "sha256:04aefca5190d1dc7a53a4c1a5a7f8568811306d7a8ee231c42fb69215571944f", size = 786184, upload-time = "2024-05-28T14:05:58.017Z" }
wheels = [
    { url = "https://files.pythonhosted.org/packages/c1/c5/2636e073f656ccda6a6bffbc5b1803c4d64075dedaae176b7a616278f68d/coverage-7.5.3-cp310-cp310-macosx_10_9_x86_64.whl", hash = "sha256:a6519d917abb15e12380406d721e37613e2a67d166f9fb7e5a8ce0375744cd45", size = 204148, upload-time = "2024-05-28T14:03:57.019Z" },
    { url = "https://files.pythonhosted.org/packages/f3/7a/8cb117c4d51f599d797e626fa7ac85d1572fb8d98e746eb5c1465af168f3/coverage-7.5.3-cp310-cp310-macosx_11_0_arm64.whl", hash = "sha256:aea7da970f1feccf48be7335f8b2ca64baf9b589d79e05b9397a06696ce1a1ec", size = 204628, upload-time = "2024-05-28T14:04:00.429Z" },
    { url = "https://files.pythonhosted.org/packages/ca/70/1647300bf3a2517125a5d851470174323c1fead93c53208d755a2f4b1618/coverage-7.5.3-cp310-cp310-manylinux_2_17_aarch64.manylinux2014_aarch64.whl", hash = "sha256:923b7b1c717bd0f0f92d862d1ff51d9b2b55dbbd133e05680204465f454bb286", size = 232517, upload-time = "2024-05-28T14:04:03.071Z" },
    { url = "https://files.pythonhosted.org/packages/80/97/47151c4a3a664146a76649c8184afd5e26fa156c104443def877f5e06b75/coverage-7.5.3-cp310-cp310-manylinux_2_5_i686.manylinux1_i686.manylinux_2_17_i686.manylinux2014_i686.whl", hash = "sha256:62bda40da1e68898186f274f832ef3e759ce929da9a9fd9fcf265956de269dbc", size = 230797, upload-time = "2024-05-28T14:04:05.906Z" },
    { url = "https://files.pythonhosted.org/packages/10/77/9d65122b73f2cfa14744286adc3c1f88bdef49ffd628076429ae59e8fa21/coverage-7.5.3-cp310-cp310-manylinux_2_5_x86_64.manylinux1_x86_64.manylinux_2_17_x86_64.manylinux2014_x86_64.whl", hash = "sha256:d8b7339180d00de83e930358223c617cc343dd08e1aa5ec7b06c3a121aec4e1d", size = 231590, upload-time = "2024-05-28T14:04:08.146Z" },
    { url = "https://files.pythonhosted.org/packages/42/c7/d4a0b38a9e70f5864b01a7aae430078e326ea73c435e1166f58c1abe4ff9/coverage-7.5.3-cp310-cp310-musllinux_1_1_aarch64.whl", hash = "sha256:25a5caf742c6195e08002d3b6c2dd6947e50efc5fc2c2205f61ecb47592d2d83", size = 237657, upload-time = "2024-05-28T14:04:10.203Z" },
    { url = "https://files.pythonhosted.org/packages/c2/5a/a1cfd01f864763ac356c4029c5ee24943460c1d6e66017dce543eef9415b/coverage-7.5.3-cp310-cp310-musllinux_1_1_i686.whl", hash = "sha256:05ac5f60faa0c704c0f7e6a5cbfd6f02101ed05e0aee4d2822637a9e672c998d", size = 235849, upload-time = "2024-05-28T14:04:12.239Z" },
    { url = "https://files.pythonhosted.org/packages/1f/c1/6ad06fc6fc7ee68bcdb242c237adb2fd580db23aa65a6745320f43b5ae9c/coverage-7.5.3-cp310-cp310-musllinux_1_1_x86_64.whl", hash = "sha256:239a4e75e09c2b12ea478d28815acf83334d32e722e7433471fbf641c606344c", size = 237033, upload-time = "2024-05-28T14:04:14.102Z" },
    { url = "https://files.pythonhosted.org/packages/e3/fe/fce5a3139fd50c168a7c46624d52dffb1a3a21652e71c3f963a829b1c1d4/coverage-7.5.3-cp310-cp310-win32.whl", hash = "sha256:a5812840d1d00eafae6585aba38021f90a705a25b8216ec7f66aebe5b619fb84", size = 206515, upload-time = "2024-05-28T14:04:16.31Z" },
    { url = "https://files.pythonhosted.org/packages/bc/a6/65a534068389098e248836193a663d512d0806e1a1f9f1114466585d4dcc/coverage-7.5.3-cp310-cp310-win_amd64.whl", hash = "sha256:33ca90a0eb29225f195e30684ba4a6db05dbef03c2ccd50b9077714c48153cac", size = 207352, upload-time = "2024-05-28T14:04:18.446Z" },
    { url = "https://files.pythonhosted.org/packages/8c/77/6fb0a12edb21c02541a8fa59c5c51fb49f929b03aa9c773478136440b521/coverage-7.5.3-cp311-cp311-macosx_10_9_x86_64.whl", hash = "sha256:f81bc26d609bf0fbc622c7122ba6307993c83c795d2d6f6f6fd8c000a770d974", size = 204256, upload-time = "2024-05-28T14:04:20.283Z" },
    { url = "https://files.pythonhosted.org/packages/0c/7a/9beb9fb10c3918d1bd17e15f5da4b099c877f74194881862bdde59d3ec3b/coverage-7.5.3-cp311-cp311-macosx_11_0_arm64.whl", hash = "sha256:7cec2af81f9e7569280822be68bd57e51b86d42e59ea30d10ebdbb22d2cb7232", size = 204741, upload-time = "2024-05-28T14:04:22.314Z" },
    { url = "https://files.pythonhosted.org/packages/1c/72/bb1d787e91e34694cbc1087eba5e2ed69f093044e92e6f19a5db3c252605/coverage-7.5.3-cp311-cp311-manylinux_2_17_aarch64.manylinux2014_aarch64.whl", hash = "sha256:55f689f846661e3f26efa535071775d0483388a1ccfab899df72924805e9e7cd", size = 236169, upload-time = "2024-05-28T14:04:24.527Z" },
    { url = "https://files.pythonhosted.org/packages/87/dd/3d5f1ca010d3853b530f73d16d575bdaad1302466f9ad9c5197d6dbc3c72/coverage-7.5.3-cp311-cp311-manylinux_2_5_i686.manylinux1_i686.manylinux_2_17_i686.manylinux2014_i686.whl", hash = "sha256:50084d3516aa263791198913a17354bd1dc627d3c1639209640b9cac3fef5807", size = 233743, upload-time = "2024-05-28T14:04:26.787Z" },
    { url = "https://files.pythonhosted.org/packages/9c/38/d8d6616b3c5da0b6d6ab99a0141f8ba80e979596b360196240c96a67ac11/coverage-7.5.3-cp311-cp311-manylinux_2_5_x86_64.manylinux1_x86_64.manylinux_2_17_x86_64.manylinux2014_x86_64.whl", hash = "sha256:341dd8f61c26337c37988345ca5c8ccabeff33093a26953a1ac72e7d0103c4fb", size = 235441, upload-time = "2024-05-28T14:04:28.818Z" },
    { url = "https://files.pythonhosted.org/packages/7b/88/e575fa69f859a1bd6d6cdc9b9d965d135be9cef893ef7e01e237142b6bcb/coverage-7.5.3-cp311-cp311-musllinux_1_1_aarch64.whl", hash = "sha256:ab0b028165eea880af12f66086694768f2c3139b2c31ad5e032c8edbafca6ffc", size = 244538, upload-time = "2024-05-28T14:04:31.194Z" },
    { url = "https://files.pythonhosted.org/packages/f7/7b/c7b26c4824a58ef4511cd314e816b53573fbb25dc987c20a5bed6d44926b/coverage-7.5.3-cp311-cp311-musllinux_1_1_i686.whl", hash = "sha256:5bc5a8c87714b0c67cfeb4c7caa82b2d71e8864d1a46aa990b5588fa953673b8", size = 242915, upload-time = "2024-05-28T14:04:33.879Z" },
    { url = "https://files.pythonhosted.org/packages/8c/1d/45299174011063aa2fcfe1dc4a25aae2722decf611fb0ee38fab4d18f62e/coverage-7.5.3-cp311-cp311-musllinux_1_1_x86_64.whl", hash = "sha256:38a3b98dae8a7c9057bd91fbf3415c05e700a5114c5f1b5b0ea5f8f429ba6614", size = 243994, upload-time = "2024-05-28T14:04:35.986Z" },
    { url = "https://files.pythonhosted.org/packages/65/f6/debe265565e253663dbe6ab49ab4422f16849b09276e43858b54b68037e4/coverage-7.5.3-cp311-cp311-win32.whl", hash = "sha256:fcf7d1d6f5da887ca04302db8e0e0cf56ce9a5e05f202720e49b3e8157ddb9a9", size = 206517, upload-time = "2024-05-28T14:04:37.947Z" },
    { url = "https://files.pythonhosted.org/packages/3d/63/2d9474c5d2bc866309728de71cbd5fbf64824de88f8a35c8a76a7e658ac4/coverage-7.5.3-cp311-cp311-win_amd64.whl", hash = "sha256:8c836309931839cca658a78a888dab9676b5c988d0dd34ca247f5f3e679f4e7a", size = 207455, upload-time = "2024-05-28T14:04:39.803Z" },
    { url = "https://files.pythonhosted.org/packages/a7/d0/13db7cfb493bfe778d76272cbc5feb5f6823395098c95a034ff948e92e6a/coverage-7.5.3-cp312-cp312-macosx_10_9_x86_64.whl", hash = "sha256:296a7d9bbc598e8744c00f7a6cecf1da9b30ae9ad51c566291ff1314e6cbbed8", size = 204464, upload-time = "2024-05-28T14:04:41.949Z" },
    { url = "https://files.pythonhosted.org/packages/01/ab/6851d4be3a6b84ae094c7f0b1ffdfbea1ab4c8baec7caeb0fbf4bea4c386/coverage-7.5.3-cp312-cp312-macosx_11_0_arm64.whl", hash = "sha256:34d6d21d8795a97b14d503dcaf74226ae51eb1f2bd41015d3ef332a24d0a17b3", size = 204735, upload-time = "2024-05-28T14:04:44.255Z" },
    { url = "https://files.pythonhosted.org/packages/9f/04/59e823c1a280e87418ffa4b25ce26c7a096615a71d49fa895df458e603c0/coverage-7.5.3-cp312-cp312-manylinux_2_17_aarch64.manylinux2014_aarch64.whl", hash = "sha256:8e317953bb4c074c06c798a11dbdd2cf9979dbcaa8ccc0fa4701d80042d4ebf1", size = 237047, upload-time = "2024-05-28T14:04:46.683Z" },
    { url = "https://files.pythonhosted.org/packages/1c/7d/912c3d3e26b6dfeff59fc95870ef04b0c1c6d485d9b35f44e0ee60ec0710/coverage-7.5.3-cp312-cp312-manylinux_2_5_i686.manylinux1_i686.manylinux_2_17_i686.manylinux2014_i686.whl", hash = "sha256:705f3d7c2b098c40f5b81790a5fedb274113373d4d1a69e65f8b68b0cc26f6db", size = 234415, upload-time = "2024-05-28T14:04:48.592Z" },
    { url = "https://files.pythonhosted.org/packages/0e/39/c44111cfc5e40fc1681a41b96911fba6560b51172b59c204b08b75d58495/coverage-7.5.3-cp312-cp312-manylinux_2_5_x86_64.manylinux1_x86_64.manylinux_2_17_x86_64.manylinux2014_x86_64.whl", hash = "sha256:b1196e13c45e327d6cd0b6e471530a1882f1017eb83c6229fc613cd1a11b53cd", size = 236350, upload-time = "2024-05-28T14:04:50.716Z" },
    { url = "https://files.pythonhosted.org/packages/e5/d8/1fa23613b995a6c20087ccb9159e8ba881b17ba68ca0f684ef034e5493bf/coverage-7.5.3-cp312-cp312-musllinux_1_1_aarch64.whl", hash = "sha256:015eddc5ccd5364dcb902eaecf9515636806fa1e0d5bef5769d06d0f31b54523", size = 243293, upload-time = "2024-05-28T14:04:52.765Z" },
    { url = "https://files.pythonhosted.org/packages/61/fa/a72c9a328e578f095b95b0eeb96334f3cfa0b76a4057c7217ea96a55b749/coverage-7.5.3-cp312-cp312-musllinux_1_1_i686.whl", hash = "sha256:fd27d8b49e574e50caa65196d908f80e4dff64d7e592d0c59788b45aad7e8b35", size = 241194, upload-time = "2024-05-28T14:04:55.486Z" },
    { url = "https://files.pythonhosted.org/packages/48/f4/61b6e74aca0105ce12c38dd180eb4b5084695810bf2b53cd758ce845cec0/coverage-7.5.3-cp312-cp312-musllinux_1_1_x86_64.whl", hash = "sha256:33fc65740267222fc02975c061eb7167185fef4cc8f2770267ee8bf7d6a42f84", size = 242936, upload-time = "2024-05-28T14:04:57.307Z" },
    { url = "https://files.pythonhosted.org/packages/ee/73/3682ffb23c3cf323b88d670af7f2001b31bcaa250c7eeab3220f2adb1721/coverage-7.5.3-cp312-cp312-win32.whl", hash = "sha256:7b2a19e13dfb5c8e145c7a6ea959485ee8e2204699903c88c7d25283584bfc08", size = 206771, upload-time = "2024-05-28T14:05:00.223Z" },
    { url = "https://files.pythonhosted.org/packages/d8/86/a12c544cfa2ba5265f3bafa15283fe9e99aa773db216b6da94085cb48529/coverage-7.5.3-cp312-cp312-win_amd64.whl", hash = "sha256:0bbddc54bbacfc09b3edaec644d4ac90c08ee8ed4844b0f86227dcda2d428fcb", size = 207598, upload-time = "2024-05-28T14:05:03.036Z" },
    { url = "https://files.pythonhosted.org/packages/57/99/ccb1e4f40688d793ac54407fc86d120c6816ae99b747b47d3e2cc1067457/coverage-7.5.3-cp39-cp39-macosx_10_9_x86_64.whl", hash = "sha256:f5102a92855d518b0996eb197772f5ac2a527c0ec617124ad5242a3af5e25f85", size = 204137, upload-time = "2024-05-28T14:05:30.736Z" },
    { url = "https://files.pythonhosted.org/packages/65/af/3b0268da4cba77f3dda012bafe90b8cbf163713ac92b3cc237ff794bf277/coverage-7.5.3-cp39-cp39-macosx_11_0_arm64.whl", hash = "sha256:d1da0a2e3b37b745a2b2a678a4c796462cf753aebf94edcc87dcc6b8641eae31", size = 204617, upload-time = "2024-05-28T14:05:33.276Z" },
    { url = "https://files.pythonhosted.org/packages/30/ab/701129bdffd493d59070b238238d25ad8882f4967d44f7a399833a5585ae/coverage-7.5.3-cp39-cp39-manylinux_2_17_aarch64.manylinux2014_aarch64.whl", hash = "sha256:8383a6c8cefba1b7cecc0149415046b6fc38836295bc4c84e820872eb5478b3d", size = 232118, upload-time = "2024-05-28T14:05:35.873Z" },
    { url = "https://files.pythonhosted.org/packages/e7/10/ad84d019b8d72e92fb908a0524a190f7212062f89360099907b7a812dc65/coverage-7.5.3-cp39-cp39-manylinux_2_5_i686.manylinux1_i686.manylinux_2_17_i686.manylinux2014_i686.whl", hash = "sha256:9aad68c3f2566dfae84bf46295a79e79d904e1c21ccfc66de88cd446f8686341", size = 230408, upload-time = "2024-05-28T14:05:37.751Z" },
    { url = "https://files.pythonhosted.org/packages/07/e0/0e30ca5c6c5bcae86df9583c30807ff26e0b991e76f266b81224410663e4/coverage-7.5.3-cp39-cp39-manylinux_2_5_x86_64.manylinux1_x86_64.manylinux_2_17_x86_64.manylinux2014_x86_64.whl", hash = "sha256:2e079c9ec772fedbade9d7ebc36202a1d9ef7291bc9b3a024ca395c4d52853d7", size = 231194, upload-time = "2024-05-28T14:05:40.252Z" },
    { url = "https://files.pythonhosted.org/packages/93/3b/dbca2db3a60ed8543a0c815bf83875bf549e02fe6df4baa736216dfb33ae/coverage-7.5.3-cp39-cp39-musllinux_1_1_aarch64.whl", hash = "sha256:bde997cac85fcac227b27d4fb2c7608a2c5f6558469b0eb704c5726ae49e1c52", size = 237240, upload-time = "2024-05-28T14:05:42.931Z" },
    { url = "https://files.pythonhosted.org/packages/3c/66/6f06c86471c79ebff4a300390b5fe1d3b2b9101995075e48d096092ddb6d/coverage-7.5.3-cp39-cp39-musllinux_1_1_i686.whl", hash = "sha256:990fb20b32990b2ce2c5f974c3e738c9358b2735bc05075d50a6f36721b8f303", size = 235435, upload-time = "2024-05-28T14:05:44.908Z" },
    { url = "https://files.pythonhosted.org/packages/36/82/116efdd87a81ec86d4a4fbaf7f132dd6beb233c00b4d2374cf2981aaeecd/coverage-7.5.3-cp39-cp39-musllinux_1_1_x86_64.whl", hash = "sha256:3d5a67f0da401e105753d474369ab034c7bae51a4c31c77d94030d59e41df5bd", size = 236590, upload-time = "2024-05-28T14:05:47.375Z" },
    { url = "https://files.pythonhosted.org/packages/83/86/e9bad290b5efacab5ef57abcf03ab72c60dd15b5d35e75432511bbe96557/coverage-7.5.3-cp39-cp39-win32.whl", hash = "sha256:e08c470c2eb01977d221fd87495b44867a56d4d594f43739a8028f8646a51e0d", size = 206528, upload-time = "2024-05-28T14:05:50.105Z" },
    { url = "https://files.pythonhosted.org/packages/63/67/a38778e73b2dd90ce87aee064ebf2b73ac923c61cf594c6b2a50f3870c6b/coverage-7.5.3-cp39-cp39-win_amd64.whl", hash = "sha256:1d2a830ade66d3563bb61d1e3c77c8def97b30ed91e166c67d0632c018f380f0", size = 207380, upload-time = "2024-05-28T14:05:52.804Z" },
    { url = "https://files.pythonhosted.org/packages/f6/c9/7953a450762a62abbaf0a65b67fe406b3b515a755139b3db662da441ac87/coverage-7.5.3-pp38.pp39.pp310-none-any.whl", hash = "sha256:3538d8fb1ee9bdd2e2692b3b18c22bb1c19ffbefd06880f5ac496e42d7bb3884", size = 196510, upload-time = "2024-05-28T14:05:54.675Z" },
]

[package.optional-dependencies]
toml = [
    { name = "tomli", marker = "python_full_version <= '3.11'" },
]

[[package]]
name = "exceptiongroup"
version = "1.2.1"
source = { registry = "https://pypi.org/simple" }
sdist = { url = "https://files.pythonhosted.org/packages/a0/65/d66b7fbaef021b3c954b3bbb196d21d8a4b97918ea524f82cfae474215af/exceptiongroup-1.2.1.tar.gz", hash = "sha256:a4785e48b045528f5bfe627b6ad554ff32def154f42372786903b7abcfe1aa16", size = 28717, upload-time = "2024-04-18T21:19:14.118Z" }
wheels = [
    { url = "https://files.pythonhosted.org/packages/01/90/79fe92dd413a9cab314ef5c591b5aa9b9ba787ae4cadab75055b0ae00b33/exceptiongroup-1.2.1-py3-none-any.whl", hash = "sha256:5258b9ed329c5bbdd31a309f53cbfb0b155341807f6ff7606a1e801a891b29ad", size = 16458, upload-time = "2024-04-18T21:19:11.799Z" },
]

[[package]]
name = "iniconfig"
version = "2.0.0"
source = { registry = "https://pypi.org/simple" }
sdist = { url = "https://files.pythonhosted.org/packages/d7/4b/cbd8e699e64a6f16ca3a8220661b5f83792b3017d0f79807cb8708d33913/iniconfig-2.0.0.tar.gz", hash = "sha256:2d91e135bf72d31a410b17c16da610a82cb55f6b0477d1a902134b24a455b8b3", size = 4646, upload-time = "2023-01-07T11:08:11.254Z" }
wheels = [
    { url = "https://files.pythonhosted.org/packages/ef/a6/62565a6e1cf69e10f5727360368e451d4b7f58beeac6173dc9db836a5b46/iniconfig-2.0.0-py3-none-any.whl", hash = "sha256:b6a85871a79d2e3b22d2d1b94ac2824226a63c6b741c88f7ae975f18b6778374", size = 5892, upload-time = "2023-01-07T11:08:09.864Z" },
]

[[package]]
name = "packaging"
version = "24.0"
source = { registry = "https://pypi.org/simple" }
sdist = { url = "https://files.pythonhosted.org/packages/ee/b5/b43a27ac7472e1818c4bafd44430e69605baefe1f34440593e0332ec8b4d/packaging-24.0.tar.gz", hash = "sha256:eb82c5e3e56209074766e6885bb04b8c38a0c015d0a30036ebe7ece34c9989e9", size = 147882, upload-time = "2024-03-10T09:39:28.33Z" }
wheels = [
    { url = "https://files.pythonhosted.org/packages/49/df/1fceb2f8900f8639e278b056416d49134fb8d84c5942ffaa01ad34782422/packaging-24.0-py3-none-any.whl", hash = "sha256:2ddfb553fdf02fb784c234c7ba6ccc288296ceabec964ad2eae3777778130bc5", size = 53488, upload-time = "2024-03-10T09:39:25.947Z" },
]

[[package]]
name = "pluggy"
version = "1.5.0"
source = { registry = "https://pypi.org/simple" }
sdist = { url = "https://files.pythonhosted.org/packages/96/2d/02d4312c973c6050a18b314a5ad0b3210edb65a906f868e31c111dede4a6/pluggy-1.5.0.tar.gz", hash = "sha256:2cffa88e94fdc978c4c574f15f9e59b7f4201d439195c3715ca9e2486f1d0cf1", size = 67955, upload-time = "2024-04-20T21:34:42.531Z" }
wheels = [
    { url = "https://files.pythonhosted.org/packages/88/5f/e351af9a41f866ac3f1fac4ca0613908d9a41741cfcf2228f4ad853b697d/pluggy-1.5.0-py3-none-any.whl", hash = "sha256:44e1ad92c8ca002de6377e165f3e0f1be63266ab4d554740532335b9d75ea669", size = 20556, upload-time = "2024-04-20T21:34:40.434Z" },
]

[[package]]
name = "pygments"
version = "2.19.2"
source = { registry = "https://pypi.org/simple" }
sdist = { url = "https://files.pythonhosted.org/packages/b0/77/a5b8c569bf593b0140bde72ea885a803b82086995367bf2037de0159d924/pygments-2.19.2.tar.gz", hash = "sha256:636cb2477cec7f8952536970bc533bc43743542f70392ae026374600add5b887", size = 4968631, upload-time = "2025-06-21T13:39:12.283Z" }
wheels = [
    { url = "https://files.pythonhosted.org/packages/c7/21/705964c7812476f378728bdf590ca4b771ec72385c533964653c68e86bdc/pygments-2.19.2-py3-none-any.whl", hash = "sha256:86540386c03d588bb81d44bc3928634ff26449851e99741617ecb9037ee5ec0b", size = 1225217, upload-time = "2025-06-21T13:39:07.939Z" },
]

[[package]]
name = "pytest"
version = "8.4.1"
source = { registry = "https://pypi.org/simple" }
dependencies = [
    { name = "colorama", marker = "sys_platform == 'win32'" },
    { name = "exceptiongroup", marker = "python_full_version < '3.11'" },
    { name = "iniconfig" },
    { name = "packaging" },
    { name = "pluggy" },
    { name = "pygments" },
    { name = "tomli", marker = "python_full_version < '3.11'" },
]
sdist = { url = "https://files.pythonhosted.org/packages/08/ba/45911d754e8eba3d5a841a5ce61a65a685ff1798421ac054f85aa8747dfb/pytest-8.4.1.tar.gz", hash = "sha256:7c67fd69174877359ed9371ec3af8a3d2b04741818c51e5e99cc1742251fa93c", size = 1517714, upload-time = "2025-06-18T05:48:06.109Z" }
wheels = [
    { url = "https://files.pythonhosted.org/packages/29/16/c8a903f4c4dffe7a12843191437d7cd8e32751d5de349d45d3fe69544e87/pytest-8.4.1-py3-none-any.whl", hash = "sha256:539c70ba6fcead8e78eebbf1115e8b589e7565830d7d006a8723f19ac8a0afb7", size = 365474, upload-time = "2025-06-18T05:48:03.955Z" },
]

[[package]]
name = "pytest-cov"
version = "5.0.0"
source = { registry = "https://pypi.org/simple" }
dependencies = [
    { name = "coverage", extra = ["toml"] },
    { name = "pytest" },
]
sdist = { url = "https://files.pythonhosted.org/packages/74/67/00efc8d11b630c56f15f4ad9c7f9223f1e5ec275aaae3fa9118c6a223ad2/pytest-cov-5.0.0.tar.gz", hash = "sha256:5837b58e9f6ebd335b0f8060eecce69b662415b16dc503883a02f45dfeb14857", size = 63042, upload-time = "2024-03-24T20:16:34.856Z" }
wheels = [
    { url = "https://files.pythonhosted.org/packages/78/3a/af5b4fa5961d9a1e6237b530eb87dd04aea6eb83da09d2a4073d81b54ccf/pytest_cov-5.0.0-py3-none-any.whl", hash = "sha256:4f0764a1219df53214206bf1feea4633c3b558a2925c8b59f144f682861ce652", size = 21990, upload-time = "2024-03-24T20:16:32.444Z" },
]

[[package]]
name = "pytest-mock"
version = "3.14.1"
source = { registry = "https://pypi.org/simple" }
dependencies = [
    { name = "pytest" },
]
sdist = { url = "https://files.pythonhosted.org/packages/71/28/67172c96ba684058a4d24ffe144d64783d2a270d0af0d9e792737bddc75c/pytest_mock-3.14.1.tar.gz", hash = "sha256:159e9edac4c451ce77a5cdb9fc5d1100708d2dd4ba3c3df572f14097351af80e", size = 33241, upload-time = "2025-05-26T13:58:45.167Z" }
wheels = [
    { url = "https://files.pythonhosted.org/packages/b2/05/77b60e520511c53d1c1ca75f1930c7dd8e971d0c4379b7f4b3f9644685ba/pytest_mock-3.14.1-py3-none-any.whl", hash = "sha256:178aefcd11307d874b4cd3100344e7e2d888d9791a6a1d9bfe90fbc1b74fd1d0", size = 9923, upload-time = "2025-05-26T13:58:43.487Z" },
]

[[package]]
name = "ruff"
version = "0.12.7"
source = { registry = "https://pypi.org/simple" }
sdist = { url = "https://files.pythonhosted.org/packages/a1/81/0bd3594fa0f690466e41bd033bdcdf86cba8288345ac77ad4afbe5ec743a/ruff-0.12.7.tar.gz", hash = "sha256:1fc3193f238bc2d7968772c82831a4ff69252f673be371fb49663f0068b7ec71", size = 5197814, upload-time = "2025-07-29T22:32:35.877Z" }
wheels = [
    { url = "https://files.pythonhosted.org/packages/e1/d2/6cb35e9c85e7a91e8d22ab32ae07ac39cc34a71f1009a6f9e4a2a019e602/ruff-0.12.7-py3-none-linux_armv6l.whl", hash = "sha256:76e4f31529899b8c434c3c1dede98c4483b89590e15fb49f2d46183801565303", size = 11852189, upload-time = "2025-07-29T22:31:41.281Z" },
    { url = "https://files.pythonhosted.org/packages/63/5b/a4136b9921aa84638f1a6be7fb086f8cad0fde538ba76bda3682f2599a2f/ruff-0.12.7-py3-none-macosx_10_12_x86_64.whl", hash = "sha256:789b7a03e72507c54fb3ba6209e4bb36517b90f1a3569ea17084e3fd295500fb", size = 12519389, upload-time = "2025-07-29T22:31:54.265Z" },
    { url = "https://files.pythonhosted.org/packages/a8/c9/3e24a8472484269b6b1821794141f879c54645a111ded4b6f58f9ab0705f/ruff-0.12.7-py3-none-macosx_11_0_arm64.whl", hash = "sha256:2e1c2a3b8626339bb6369116e7030a4cf194ea48f49b64bb505732a7fce4f4e3", size = 11743384, upload-time = "2025-07-29T22:31:59.575Z" },
    { url = "https://files.pythonhosted.org/packages/26/7c/458dd25deeb3452c43eaee853c0b17a1e84169f8021a26d500ead77964fd/ruff-0.12.7-py3-none-manylinux_2_17_aarch64.manylinux2014_aarch64.whl", hash = "sha256:32dec41817623d388e645612ec70d5757a6d9c035f3744a52c7b195a57e03860", size = 11943759, upload-time = "2025-07-29T22:32:01.95Z" },
    { url = "https://files.pythonhosted.org/packages/7f/8b/658798472ef260ca050e400ab96ef7e85c366c39cf3dfbef4d0a46a528b6/ruff-0.12.7-py3-none-manylinux_2_17_armv7l.manylinux2014_armv7l.whl", hash = "sha256:47ef751f722053a5df5fa48d412dbb54d41ab9b17875c6840a58ec63ff0c247c", size = 11654028, upload-time = "2025-07-29T22:32:04.367Z" },
    { url = "https://files.pythonhosted.org/packages/a8/86/9c2336f13b2a3326d06d39178fd3448dcc7025f82514d1b15816fe42bfe8/ruff-0.12.7-py3-none-manylinux_2_17_i686.manylinux2014_i686.whl", hash = "sha256:a828a5fc25a3efd3e1ff7b241fd392686c9386f20e5ac90aa9234a5faa12c423", size = 13225209, upload-time = "2025-07-29T22:32:06.952Z" },
    { url = "https://files.pythonhosted.org/packages/76/69/df73f65f53d6c463b19b6b312fd2391dc36425d926ec237a7ed028a90fc1/ruff-0.12.7-py3-none-manylinux_2_17_ppc64.manylinux2014_ppc64.whl", hash = "sha256:5726f59b171111fa6a69d82aef48f00b56598b03a22f0f4170664ff4d8298efb", size = 14182353, upload-time = "2025-07-29T22:32:10.053Z" },
    { url = "https://files.pythonhosted.org/packages/58/1e/de6cda406d99fea84b66811c189b5ea139814b98125b052424b55d28a41c/ruff-0.12.7-py3-none-manylinux_2_17_ppc64le.manylinux2014_ppc64le.whl", hash = "sha256:74e6f5c04c4dd4aba223f4fe6e7104f79e0eebf7d307e4f9b18c18362124bccd", size = 13631555, upload-time = "2025-07-29T22:32:12.644Z" },
    { url = "https://files.pythonhosted.org/packages/6f/ae/625d46d5164a6cc9261945a5e89df24457dc8262539ace3ac36c40f0b51e/ruff-0.12.7-py3-none-manylinux_2_17_s390x.manylinux2014_s390x.whl", hash = "sha256:5d0bfe4e77fba61bf2ccadf8cf005d6133e3ce08793bbe870dd1c734f2699a3e", size = 12667556, upload-time = "2025-07-29T22:32:15.312Z" },
    { url = "https://files.pythonhosted.org/packages/55/bf/9cb1ea5e3066779e42ade8d0cd3d3b0582a5720a814ae1586f85014656b6/ruff-0.12.7-py3-none-manylinux_2_17_x86_64.manylinux2014_x86_64.whl", hash = "sha256:06bfb01e1623bf7f59ea749a841da56f8f653d641bfd046edee32ede7ff6c606", size = 12939784, upload-time = "2025-07-29T22:32:17.69Z" },
    { url = "https://files.pythonhosted.org/packages/55/7f/7ead2663be5627c04be83754c4f3096603bf5e99ed856c7cd29618c691bd/ruff-0.12.7-py3-none-musllinux_1_2_aarch64.whl", hash = "sha256:e41df94a957d50083fd09b916d6e89e497246698c3f3d5c681c8b3e7b9bb4ac8", size = 11771356, upload-time = "2025-07-29T22:32:20.134Z" },
    { url = "https://files.pythonhosted.org/packages/17/40/a95352ea16edf78cd3a938085dccc55df692a4d8ba1b3af7accbe2c806b0/ruff-0.12.7-py3-none-musllinux_1_2_armv7l.whl", hash = "sha256:4000623300563c709458d0ce170c3d0d788c23a058912f28bbadc6f905d67afa", size = 11612124, upload-time = "2025-07-29T22:32:22.645Z" },
    { url = "https://files.pythonhosted.org/packages/4d/74/633b04871c669e23b8917877e812376827c06df866e1677f15abfadc95cb/ruff-0.12.7-py3-none-musllinux_1_2_i686.whl", hash = "sha256:69ffe0e5f9b2cf2b8e289a3f8945b402a1b19eff24ec389f45f23c42a3dd6fb5", size = 12479945, upload-time = "2025-07-29T22:32:24.765Z" },
    { url = "https://files.pythonhosted.org/packages/be/34/c3ef2d7799c9778b835a76189c6f53c179d3bdebc8c65288c29032e03613/ruff-0.12.7-py3-none-musllinux_1_2_x86_64.whl", hash = "sha256:a07a5c8ffa2611a52732bdc67bf88e243abd84fe2d7f6daef3826b59abbfeda4", size = 12998677, upload-time = "2025-07-29T22:32:27.022Z" },
    { url = "https://files.pythonhosted.org/packages/77/ab/aca2e756ad7b09b3d662a41773f3edcbd262872a4fc81f920dc1ffa44541/ruff-0.12.7-py3-none-win32.whl", hash = "sha256:c928f1b2ec59fb77dfdf70e0419408898b63998789cc98197e15f560b9e77f77", size = 11756687, upload-time = "2025-07-29T22:32:29.381Z" },
    { url = "https://files.pythonhosted.org/packages/b4/71/26d45a5042bc71db22ddd8252ca9d01e9ca454f230e2996bb04f16d72799/ruff-0.12.7-py3-none-win_amd64.whl", hash = "sha256:9c18f3d707ee9edf89da76131956aba1270c6348bfee8f6c647de841eac7194f", size = 12912365, upload-time = "2025-07-29T22:32:31.517Z" },
    { url = "https://files.pythonhosted.org/packages/4c/9b/0b8aa09817b63e78d94b4977f18b1fcaead3165a5ee49251c5d5c245bb2d/ruff-0.12.7-py3-none-win_arm64.whl", hash = "sha256:dfce05101dbd11833a0776716d5d1578641b7fddb537fe7fa956ab85d1769b69", size = 11982083, upload-time = "2025-07-29T22:32:33.881Z" },
]

[[package]]
name = "tkinter-layout-helpers"
version = "0.3.0"
source = { editable = "." }
dependencies = [
    { name = "typing-extensions" },
]

[package.dev-dependencies]
dev = [
    { name = "pytest" },
    { name = "pytest-cov" },
    { name = "pytest-mock" },
    { name = "ruff" },
]

[package.metadata]
requires-dist = [{ name = "typing-extensions" }]

[package.metadata.requires-dev]
dev = [
    { name = "pytest", specifier = ">=7.4.4,<9.0.0" },
    { name = "pytest-cov", specifier = ">=4.1,<6.0" },
    { name = "pytest-mock", specifier = ">=3.11.1,<4" },
    { name = "ruff", specifier = ">=0.4.7,<0.13.0" },
]

[[package]]
name = "tomli"
version = "2.0.1"
source = { registry = "https://pypi.org/simple" }
sdist = { url = "https://files.pythonhosted.org/packages/c0/3f/d7af728f075fb08564c5949a9c95e44352e23dee646869fa104a3b2060a3/tomli-2.0.1.tar.gz", hash = "sha256:de526c12914f0c550d15924c62d72abc48d6fe7364aa87328337a31007fe8a4f", size = 15164, upload-time = "2022-02-08T10:54:04.006Z" }
wheels = [
    { url = "https://files.pythonhosted.org/packages/97/75/10a9ebee3fd790d20926a90a2547f0bf78f371b2f13aa822c759680ca7b9/tomli-2.0.1-py3-none-any.whl", hash = "sha256:939de3e7a6161af0c887ef91b7d41a53e7c5a1ca976325f429cb46ea9bc30ecc", size = 12757, upload-time = "2022-02-08T10:54:02.017Z" },
]

[[package]]
name = "typing-extensions"
version = "4.13.2"
source = { registry = "https://pypi.org/simple" }
sdist = { url = "https://files.pythonhosted.org/packages/f6/37/23083fcd6e35492953e8d2aaaa68b860eb422b34627b13f2ce3eb6106061/typing_extensions-4.13.2.tar.gz", hash = "sha256:e6c81219bd689f51865d9e372991c540bda33a0379d5573cddb9a3a23f7caaef", size = 106967, upload-time = "2025-04-10T14:19:05.416Z" }
wheels = [
    { url = "https://files.pythonhosted.org/packages/8b/54/b1ae86c0973cc6f0210b53d508ca3641fb6d0c56823f288d108bc7ab3cc8/typing_extensions-4.13.2-py3-none-any.whl", hash = "sha256:a439e7c04b49fec3e5d3e2beaa21755cadbbdc391694e28ccdd36ca4a1408f8c", size = 45806, upload-time = "2025-04-10T14:19:03.967Z" },
]
